
Microsoft Visual Studio Solution File, Format Version 12.00
# Visual Studio 2013
VisualStudioVersion = 12.0.40629.0
MinimumVisualStudioVersion = 10.0.40219.1
Project("{FAE04EC0-301F-11D3-BF4B-00C04F79EFBC}") = "SistemaReportes.DAL", "SistemaReportes.DAL\SistemaReportes.DAL.csproj", "{68CB2959-DAD1-48F2-AD46-E86C166486AD}"
EndProject
Project("{FAE04EC0-301F-11D3-BF4B-00C04F79EFBC}") = "SistemaReportes.DATA", "SistemaReportes.DATA\SistemaReportes.DATA.csproj", "{48F36CF4-DC87-4E07-AD5A-79FDDE213402}"
EndProject
Project("{FAE04EC0-301F-11D3-BF4B-00C04F79EFBC}") = "SistemaReportes.BLL", "SistemaReportes.BLL\SistemaReportes.BLL.csproj", "{A36BF53A-2E83-4AE2-95A7-B2B9CB015888}"
EndProject
Project("{FAE04EC0-301F-11D3-BF4B-00C04F79EFBC}") = "SistemaReportes.UI", "SistemaReportes.UI\SistemaReportes.UI.csproj", "{BAA2A736-9304-4E3D-AA6B-5DBF9668BDD0}"
EndProject
Global
	GlobalSection(SolutionConfigurationPlatforms) = preSolution
		Debug|Any CPU = Debug|Any CPU
		Release|Any CPU = Release|Any CPU
	EndGlobalSection
	GlobalSection(ProjectConfigurationPlatforms) = postSolution
		{68CB2959-DAD1-48F2-AD46-E86C166486AD}.Debug|Any CPU.ActiveCfg = Debug|Any CPU
		{68CB2959-DAD1-48F2-AD46-E86C166486AD}.Debug|Any CPU.Build.0 = Debug|Any CPU
		{68CB2959-DAD1-48F2-AD46-E86C166486AD}.Release|Any CPU.ActiveCfg = Release|Any CPU
		{68CB2959-DAD1-48F2-AD46-E86C166486AD}.Release|Any CPU.Build.0 = Release|Any CPU
		{48F36CF4-DC87-4E07-AD5A-79FDDE213402}.Debug|Any CPU.ActiveCfg = Debug|Any CPU
		{48F36CF4-DC87-4E07-AD5A-79FDDE213402}.Debug|Any CPU.Build.0 = Debug|Any CPU
		{48F36CF4-DC87-4E07-AD5A-79FDDE213402}.Release|Any CPU.ActiveCfg = Release|Any CPU
		{48F36CF4-DC87-4E07-AD5A-79FDDE213402}.Release|Any CPU.Build.0 = Release|Any CPU
		{A36BF53A-2E83-4AE2-95A7-B2B9CB015888}.Debug|Any CPU.ActiveCfg = Debug|Any CPU
		{A36BF53A-2E83-4AE2-95A7-B2B9CB015888}.Debug|Any CPU.Build.0 = Debug|Any CPU
		{A36BF53A-2E83-4AE2-95A7-B2B9CB015888}.Release|Any CPU.ActiveCfg = Release|Any CPU
		{A36BF53A-2E83-4AE2-95A7-B2B9CB015888}.Release|Any CPU.Build.0 = Release|Any CPU
		{BAA2A736-9304-4E3D-AA6B-5DBF9668BDD0}.Debug|Any CPU.ActiveCfg = Debug|Any CPU
		{BAA2A736-9304-4E3D-AA6B-5DBF9668BDD0}.Debug|Any CPU.Build.0 = Debug|Any CPU
		{BAA2A736-9304-4E3D-AA6B-5DBF9668BDD0}.Release|Any CPU.ActiveCfg = Release|Any CPU
		{BAA2A736-9304-4E3D-AA6B-5DBF9668BDD0}.Release|Any CPU.Build.0 = Release|Any CPU
	EndGlobalSection
	GlobalSection(SolutionProperties) = preSolution
		HideSolutionNode = FALSE
	EndGlobalSection
	GlobalSection(ExtensibilityGlobals) = postSolution
		SolutionGuid = {3E0CC453-12D4-49ED-A459-7245A53433E8}
	EndGlobalSection
EndGlobal
